// !$*UTF8*$!
{
	archiveVersion = 1;
	classes = {
	};
	objectVersion = 70;
	objects = {

/* Begin PBXBuildFile section */
		1E36E5B32D337EA200A5008A /* WidgetKit.framework in Frameworks */ = {isa = PBXBuildFile; fileRef = 1E84BBE329765AB600DF1AA6 /* WidgetKit.framework */; };
		1E36E5B42D337EA200A5008A /* SwiftUI.framework in Frameworks */ = {isa = PBXBuildFile; fileRef = 1E84BBE529765AB600DF1AA6 /* SwiftUI.framework */; };
		1E36E5C52D337EA300A5008A /* PaydayWidgetExtension.appex in Embed Foundation Extensions */ = {isa = PBXBuildFile; fileRef = 1E36E5B22D337EA200A5008A /* PaydayWidgetExtension.appex */; settings = {ATTRIBUTES = (RemoveHeadersOnCopy, ); }; };
		1E36E5CC2D33A28D00A5008A /* Storage.swift in Sources */ = {isa = PBXBuildFile; fileRef = 1E72EA7D2D2E4B2200090A9B /* Storage.swift */; };
		1E36E5D32D33C97A00A5008A /* WidgetKit.framework in Frameworks */ = {isa = PBXBuildFile; fileRef = 1E84BBE329765AB600DF1AA6 /* WidgetKit.framework */; };
		1E36E5D42D33C97A00A5008A /* SwiftUI.framework in Frameworks */ = {isa = PBXBuildFile; fileRef = 1E84BBE529765AB600DF1AA6 /* SwiftUI.framework */; };
		1E36E5DF2D33C97C00A5008A /* TransactionWidgetExtension.appex in Embed Foundation Extensions */ = {isa = PBXBuildFile; fileRef = 1E36E5D22D33C97A00A5008A /* TransactionWidgetExtension.appex */; settings = {ATTRIBUTES = (RemoveHeadersOnCopy, ); }; };
		1E36E5E52D33CB0600A5008A /* Storage.swift in Sources */ = {isa = PBXBuildFile; fileRef = 1E72EA7D2D2E4B2200090A9B /* Storage.swift */; };
		1E36E5E62D33DD7200A5008A /* DataStructures.swift in Sources */ = {isa = PBXBuildFile; fileRef = 1E4B8E942974096B0021FCC6 /* DataStructures.swift */; };
		1E36E5E72D33DEF200A5008A /* Methods.swift in Sources */ = {isa = PBXBuildFile; fileRef = 1E846A7729751E8F00FEE80D /* Methods.swift */; };
		1E36E5E92D33DFD800A5008A /* KeychainAccess in Frameworks */ = {isa = PBXBuildFile; productRef = 1E36E5E82D33DFD800A5008A /* KeychainAccess */; };
		1E36E5EA2D34686C00A5008A /* PreviewData.swift in Sources */ = {isa = PBXBuildFile; fileRef = 1E4B8E9629740A360021FCC6 /* PreviewData.swift */; };
		1E36E5EB2D34686C00A5008A /* PreviewData.swift in Sources */ = {isa = PBXBuildFile; fileRef = 1E4B8E9629740A360021FCC6 /* PreviewData.swift */; };
		1E36E5EC2D3468FA00A5008A /* DataStructures.swift in Sources */ = {isa = PBXBuildFile; fileRef = 1E4B8E942974096B0021FCC6 /* DataStructures.swift */; };
		1E37348A2977A50E0089A364 /* TransactionsView.swift in Sources */ = {isa = PBXBuildFile; fileRef = 1E3734892977A50E0089A364 /* TransactionsView.swift */; };
		1E4B8E7B2973D49D0021FCC6 /* DefenceBankApp.swift in Sources */ = {isa = PBXBuildFile; fileRef = 1E4B8E7A2973D49D0021FCC6 /* DefenceBankApp.swift */; };
		1E4B8E7F2973D49E0021FCC6 /* Assets.xcassets in Resources */ = {isa = PBXBuildFile; fileRef = 1E4B8E7E2973D49E0021FCC6 /* Assets.xcassets */; };
		1E4B8E822973D49E0021FCC6 /* Preview Assets.xcassets in Resources */ = {isa = PBXBuildFile; fileRef = 1E4B8E812973D49E0021FCC6 /* Preview Assets.xcassets */; };
		1E4B8E892973DE120021FCC6 /* LoginView.swift in Sources */ = {isa = PBXBuildFile; fileRef = 1E4B8E882973DE120021FCC6 /* LoginView.swift */; };
		1E4B8E8C2973FC7C0021FCC6 /* DashboardView.swift in Sources */ = {isa = PBXBuildFile; fileRef = 1E4B8E8B2973FC7C0021FCC6 /* DashboardView.swift */; };
		1E4B8E952974096B0021FCC6 /* DataStructures.swift in Sources */ = {isa = PBXBuildFile; fileRef = 1E4B8E942974096B0021FCC6 /* DataStructures.swift */; };
		1E4B8E9729740A360021FCC6 /* PreviewData.swift in Sources */ = {isa = PBXBuildFile; fileRef = 1E4B8E9629740A360021FCC6 /* PreviewData.swift */; };
		1E61834E2D25683200B88338 /* AccountView.swift in Sources */ = {isa = PBXBuildFile; fileRef = 1E61834D2D25658600B88338 /* AccountView.swift */; };
		1E6183502D2615AD00B88338 /* PaydayView.swift in Sources */ = {isa = PBXBuildFile; fileRef = 1E61834F2D26156300B88338 /* PaydayView.swift */; };
		1E6183522D26260400B88338 /* NetPositionView.swift in Sources */ = {isa = PBXBuildFile; fileRef = 1E6183512D2625FF00B88338 /* NetPositionView.swift */; };
		1E6183542D276DB300B88338 /* AccountEditView.swift in Sources */ = {isa = PBXBuildFile; fileRef = 1E6183532D276DA900B88338 /* AccountEditView.swift */; };
		1E6183582D27837300B88338 /* Helpers.swift in Sources */ = {isa = PBXBuildFile; fileRef = 1E6183572D27837200B88338 /* Helpers.swift */; };
		1E61835A2D27B08000B88338 /* TransactionSearchView.swift in Sources */ = {isa = PBXBuildFile; fileRef = 1E6183592D27B07C00B88338 /* TransactionSearchView.swift */; };
		1E61835C2D2955F800B88338 /* UncollectedView.swift in Sources */ = {isa = PBXBuildFile; fileRef = 1E61835B2D2955F300B88338 /* UncollectedView.swift */; };
		1E61835E2D296A3600B88338 /* ContentView.swift in Sources */ = {isa = PBXBuildFile; fileRef = 1E61835D2D296A3500B88338 /* ContentView.swift */; };
		1E6183602D296AB500B88338 /* CardsView.swift in Sources */ = {isa = PBXBuildFile; fileRef = 1E61835F2D296AB300B88338 /* CardsView.swift */; };
		1E6183622D2A992F00B88338 /* CardSlider.swift in Sources */ = {isa = PBXBuildFile; fileRef = 1E6183612D2A992F00B88338 /* CardSlider.swift */; };
		1E6183652D2BE6FA00B88338 /* FaceID.swift in Sources */ = {isa = PBXBuildFile; fileRef = 1E6183642D2BE6F500B88338 /* FaceID.swift */; };
		1E61836B2D2C955A00B88338 /* CardControlGroupView.swift in Sources */ = {isa = PBXBuildFile; fileRef = 1E61836A2D2C955600B88338 /* CardControlGroupView.swift */; };
		1E61836E2D2CA1C800B88338 /* CardControlView.swift in Sources */ = {isa = PBXBuildFile; fileRef = 1E61836D2D2CA1C500B88338 /* CardControlView.swift */; };
		1E6183702D2CA22800B88338 /* CardQuickActionsView.swift in Sources */ = {isa = PBXBuildFile; fileRef = 1E61836F2D2CA22500B88338 /* CardQuickActionsView.swift */; };
		1E6183732D2CA56400B88338 /* AccountsView.swift in Sources */ = {isa = PBXBuildFile; fileRef = 1E6183722D2CA56200B88338 /* AccountsView.swift */; };
		1E6183752D2CA62D00B88338 /* SettingsView.swift in Sources */ = {isa = PBXBuildFile; fileRef = 1E6183742D2CA62700B88338 /* SettingsView.swift */; };
		1E6183772D2CEA0000B88338 /* CardView.swift in Sources */ = {isa = PBXBuildFile; fileRef = 1E6183762D2CE9ED00B88338 /* CardView.swift */; };
		1E6183792D2D298800B88338 /* CardAlertsView.swift in Sources */ = {isa = PBXBuildFile; fileRef = 1E6183782D2D298400B88338 /* CardAlertsView.swift */; };
		1E61837B2D2D420C00B88338 /* PaydayEditView.swift in Sources */ = {isa = PBXBuildFile; fileRef = 1E61837A2D2D420200B88338 /* PaydayEditView.swift */; };
		1E72EA7E2D2E4B2600090A9B /* Storage.swift in Sources */ = {isa = PBXBuildFile; fileRef = 1E72EA7D2D2E4B2200090A9B /* Storage.swift */; };
		1E72EA8A2D2FCF1D00090A9B /* TransactionGraphView.swift in Sources */ = {isa = PBXBuildFile; fileRef = 1E72EA892D2FCF1900090A9B /* TransactionGraphView.swift */; };
		1E72EA902D2FE9EC00090A9B /* CategoryView.swift in Sources */ = {isa = PBXBuildFile; fileRef = 1E72EA8F2D2FE9E900090A9B /* CategoryView.swift */; };
		1E72EA922D30D4C500090A9B /* CategoryTransactionsView.swift in Sources */ = {isa = PBXBuildFile; fileRef = 1E72EA912D30D4BD00090A9B /* CategoryTransactionsView.swift */; };
		1E846A7829751E8F00FEE80D /* Methods.swift in Sources */ = {isa = PBXBuildFile; fileRef = 1E846A7729751E8F00FEE80D /* Methods.swift */; };
		1E846A7B29753F5600FEE80D /* KeychainAccess in Frameworks */ = {isa = PBXBuildFile; productRef = 1E846A7A29753F5600FEE80D /* KeychainAccess */; };
		1E91E728297BA740003501BC /* TransactionView.swift in Sources */ = {isa = PBXBuildFile; fileRef = 1E91E727297BA740003501BC /* TransactionView.swift */; };
		1ECCA3242A77542D00096FFE /* Collections in Frameworks */ = {isa = PBXBuildFile; productRef = 1ECCA3232A77542D00096FFE /* Collections */; };
		1ECCA3262A77554700096FFE /* Extensions.swift in Sources */ = {isa = PBXBuildFile; fileRef = 1ECCA3252A77554700096FFE /* Extensions.swift */; };
		1EF14A6E2A8B1E6D0034DD5D /* TransactionDetailView.swift in Sources */ = {isa = PBXBuildFile; fileRef = 1EF14A6D2A8B1E6D0034DD5D /* TransactionDetailView.swift */; };
/* End PBXBuildFile section */

/* Begin PBXContainerItemProxy section */
		1E36E5C32D337EA300A5008A /* PBXContainerItemProxy */ = {
			isa = PBXContainerItemProxy;
			containerPortal = 1E4B8E6F2973D49D0021FCC6 /* Project object */;
			proxyType = 1;
			remoteGlobalIDString = 1E36E5B12D337EA200A5008A;
			remoteInfo = PaydayWidgetExtension;
		};
		1E36E5DD2D33C97C00A5008A /* PBXContainerItemProxy */ = {
			isa = PBXContainerItemProxy;
			containerPortal = 1E4B8E6F2973D49D0021FCC6 /* Project object */;
			proxyType = 1;
			remoteGlobalIDString = 1E36E5D12D33C97A00A5008A;
			remoteInfo = TransactionWidgetExtension;
		};
/* End PBXContainerItemProxy section */

/* Begin PBXCopyFilesBuildPhase section */
		1E84BBFA29765AB700DF1AA6 /* Embed Foundation Extensions */ = {
			isa = PBXCopyFilesBuildPhase;
			buildActionMask = 12;
			dstPath = "";
			dstSubfolderSpec = 13;
			files = (
				1E36E5DF2D33C97C00A5008A /* TransactionWidgetExtension.appex in Embed Foundation Extensions */,
				1E36E5C52D337EA300A5008A /* PaydayWidgetExtension.appex in Embed Foundation Extensions */,
			);
			name = "Embed Foundation Extensions";
			runOnlyForDeploymentPostprocessing = 0;
		};
/* End PBXCopyFilesBuildPhase section */

/* Begin PBXFileReference section */
		1E36E5B22D337EA200A5008A /* PaydayWidgetExtension.appex */ = {isa = PBXFileReference; explicitFileType = "wrapper.app-extension"; includeInIndex = 0; path = PaydayWidgetExtension.appex; sourceTree = BUILT_PRODUCTS_DIR; };
		1E36E5CD2D33BD6400A5008A /* PaydayWidgetExtension.entitlements */ = {isa = PBXFileReference; lastKnownFileType = text.plist.entitlements; path = PaydayWidgetExtension.entitlements; sourceTree = "<group>"; };
		1E36E5D22D33C97A00A5008A /* TransactionWidgetExtension.appex */ = {isa = PBXFileReference; explicitFileType = "wrapper.app-extension"; includeInIndex = 0; path = TransactionWidgetExtension.appex; sourceTree = BUILT_PRODUCTS_DIR; };
		1E36E5E42D33C97F00A5008A /* TransactionWidgetExtension.entitlements */ = {isa = PBXFileReference; lastKnownFileType = text.plist.entitlements; path = TransactionWidgetExtension.entitlements; sourceTree = "<group>"; };
		1E37348629769D6F0089A364 /* CurrentAccountExtension.entitlements */ = {isa = PBXFileReference; lastKnownFileType = text.plist.entitlements; path = CurrentAccountExtension.entitlements; sourceTree = "<group>"; };
		1E3734892977A50E0089A364 /* TransactionsView.swift */ = {isa = PBXFileReference; lastKnownFileType = sourcecode.swift; path = TransactionsView.swift; sourceTree = "<group>"; };
		1E4B8E772973D49D0021FCC6 /* DefenceBank.app */ = {isa = PBXFileReference; explicitFileType = wrapper.application; includeInIndex = 0; path = DefenceBank.app; sourceTree = BUILT_PRODUCTS_DIR; };
		1E4B8E7A2973D49D0021FCC6 /* DefenceBankApp.swift */ = {isa = PBXFileReference; lastKnownFileType = sourcecode.swift; path = DefenceBankApp.swift; sourceTree = "<group>"; };
		1E4B8E7E2973D49E0021FCC6 /* Assets.xcassets */ = {isa = PBXFileReference; lastKnownFileType = folder.assetcatalog; path = Assets.xcassets; sourceTree = "<group>"; };
		1E4B8E812973D49E0021FCC6 /* Preview Assets.xcassets */ = {isa = PBXFileReference; lastKnownFileType = folder.assetcatalog; path = "Preview Assets.xcassets"; sourceTree = "<group>"; };
		1E4B8E882973DE120021FCC6 /* LoginView.swift */ = {isa = PBXFileReference; fileEncoding = 4; lastKnownFileType = sourcecode.swift; path = LoginView.swift; sourceTree = "<group>"; };
		1E4B8E8B2973FC7C0021FCC6 /* DashboardView.swift */ = {isa = PBXFileReference; lastKnownFileType = sourcecode.swift; path = DashboardView.swift; sourceTree = "<group>"; };
		1E4B8E942974096B0021FCC6 /* DataStructures.swift */ = {isa = PBXFileReference; lastKnownFileType = sourcecode.swift; path = DataStructures.swift; sourceTree = "<group>"; };
		1E4B8E9629740A360021FCC6 /* PreviewData.swift */ = {isa = PBXFileReference; lastKnownFileType = sourcecode.swift; path = PreviewData.swift; sourceTree = "<group>"; };
		1E61834D2D25658600B88338 /* AccountView.swift */ = {isa = PBXFileReference; lastKnownFileType = sourcecode.swift; path = AccountView.swift; sourceTree = "<group>"; };
		1E61834F2D26156300B88338 /* PaydayView.swift */ = {isa = PBXFileReference; lastKnownFileType = sourcecode.swift; path = PaydayView.swift; sourceTree = "<group>"; };
		1E6183512D2625FF00B88338 /* NetPositionView.swift */ = {isa = PBXFileReference; lastKnownFileType = sourcecode.swift; path = NetPositionView.swift; sourceTree = "<group>"; };
		1E6183532D276DA900B88338 /* AccountEditView.swift */ = {isa = PBXFileReference; lastKnownFileType = sourcecode.swift; path = AccountEditView.swift; sourceTree = "<group>"; };
		1E6183572D27837200B88338 /* Helpers.swift */ = {isa = PBXFileReference; lastKnownFileType = sourcecode.swift; path = Helpers.swift; sourceTree = "<group>"; };
		1E6183592D27B07C00B88338 /* TransactionSearchView.swift */ = {isa = PBXFileReference; lastKnownFileType = sourcecode.swift; path = TransactionSearchView.swift; sourceTree = "<group>"; };
		1E61835B2D2955F300B88338 /* UncollectedView.swift */ = {isa = PBXFileReference; lastKnownFileType = sourcecode.swift; path = UncollectedView.swift; sourceTree = "<group>"; };
		1E61835D2D296A3500B88338 /* ContentView.swift */ = {isa = PBXFileReference; lastKnownFileType = sourcecode.swift; path = ContentView.swift; sourceTree = "<group>"; };
		1E61835F2D296AB300B88338 /* CardsView.swift */ = {isa = PBXFileReference; lastKnownFileType = sourcecode.swift; path = CardsView.swift; sourceTree = "<group>"; };
		1E6183612D2A992F00B88338 /* CardSlider.swift */ = {isa = PBXFileReference; lastKnownFileType = sourcecode.swift; path = CardSlider.swift; sourceTree = "<group>"; };
		1E6183642D2BE6F500B88338 /* FaceID.swift */ = {isa = PBXFileReference; lastKnownFileType = sourcecode.swift; path = FaceID.swift; sourceTree = "<group>"; };
		1E6183672D2BF13100B88338 /* Info.plist */ = {isa = PBXFileReference; lastKnownFileType = text.plist; path = Info.plist; sourceTree = "<group>"; };
		1E61836A2D2C955600B88338 /* CardControlGroupView.swift */ = {isa = PBXFileReference; lastKnownFileType = sourcecode.swift; path = CardControlGroupView.swift; sourceTree = "<group>"; };
		1E61836D2D2CA1C500B88338 /* CardControlView.swift */ = {isa = PBXFileReference; lastKnownFileType = sourcecode.swift; path = CardControlView.swift; sourceTree = "<group>"; };
		1E61836F2D2CA22500B88338 /* CardQuickActionsView.swift */ = {isa = PBXFileReference; lastKnownFileType = sourcecode.swift; path = CardQuickActionsView.swift; sourceTree = "<group>"; };
		1E6183722D2CA56200B88338 /* AccountsView.swift */ = {isa = PBXFileReference; lastKnownFileType = sourcecode.swift; path = AccountsView.swift; sourceTree = "<group>"; };
		1E6183742D2CA62700B88338 /* SettingsView.swift */ = {isa = PBXFileReference; lastKnownFileType = sourcecode.swift; path = SettingsView.swift; sourceTree = "<group>"; };
		1E6183762D2CE9ED00B88338 /* CardView.swift */ = {isa = PBXFileReference; lastKnownFileType = sourcecode.swift; path = CardView.swift; sourceTree = "<group>"; };
		1E6183782D2D298400B88338 /* CardAlertsView.swift */ = {isa = PBXFileReference; lastKnownFileType = sourcecode.swift; path = CardAlertsView.swift; sourceTree = "<group>"; };
		1E61837A2D2D420200B88338 /* PaydayEditView.swift */ = {isa = PBXFileReference; lastKnownFileType = sourcecode.swift; path = PaydayEditView.swift; sourceTree = "<group>"; };
		1E72EA7D2D2E4B2200090A9B /* Storage.swift */ = {isa = PBXFileReference; lastKnownFileType = sourcecode.swift; path = Storage.swift; sourceTree = "<group>"; };
		1E72EA892D2FCF1900090A9B /* TransactionGraphView.swift */ = {isa = PBXFileReference; lastKnownFileType = sourcecode.swift; path = TransactionGraphView.swift; sourceTree = "<group>"; };
		1E72EA8F2D2FE9E900090A9B /* CategoryView.swift */ = {isa = PBXFileReference; lastKnownFileType = sourcecode.swift; path = CategoryView.swift; sourceTree = "<group>"; };
		1E72EA912D30D4BD00090A9B /* CategoryTransactionsView.swift */ = {isa = PBXFileReference; lastKnownFileType = sourcecode.swift; path = CategoryTransactionsView.swift; sourceTree = "<group>"; };
		1E846A7729751E8F00FEE80D /* Methods.swift */ = {isa = PBXFileReference; lastKnownFileType = sourcecode.swift; path = Methods.swift; sourceTree = "<group>"; };
		1E84BBE329765AB600DF1AA6 /* WidgetKit.framework */ = {isa = PBXFileReference; lastKnownFileType = wrapper.framework; name = WidgetKit.framework; path = System/Library/Frameworks/WidgetKit.framework; sourceTree = SDKROOT; };
		1E84BBE529765AB600DF1AA6 /* SwiftUI.framework */ = {isa = PBXFileReference; lastKnownFileType = wrapper.framework; name = SwiftUI.framework; path = System/Library/Frameworks/SwiftUI.framework; sourceTree = SDKROOT; };
		1E91E727297BA740003501BC /* TransactionView.swift */ = {isa = PBXFileReference; lastKnownFileType = sourcecode.swift; path = TransactionView.swift; sourceTree = "<group>"; };
		1ECCA3252A77554700096FFE /* Extensions.swift */ = {isa = PBXFileReference; lastKnownFileType = sourcecode.swift; path = Extensions.swift; sourceTree = "<group>"; };
		1EF14A6D2A8B1E6D0034DD5D /* TransactionDetailView.swift */ = {isa = PBXFileReference; lastKnownFileType = sourcecode.swift; path = TransactionDetailView.swift; sourceTree = "<group>"; };
/* End PBXFileReference section */

/* Begin PBXFileSystemSynchronizedBuildFileExceptionSet section */
		1E36E5C62D337EA300A5008A /* PBXFileSystemSynchronizedBuildFileExceptionSet */ = {
			isa = PBXFileSystemSynchronizedBuildFileExceptionSet;
			membershipExceptions = (
				Info.plist,
			);
			target = 1E36E5B12D337EA200A5008A /* PaydayWidgetExtension */;
		};
		1E36E5E02D33C97C00A5008A /* PBXFileSystemSynchronizedBuildFileExceptionSet */ = {
			isa = PBXFileSystemSynchronizedBuildFileExceptionSet;
			membershipExceptions = (
				Info.plist,
			);
			target = 1E36E5D12D33C97A00A5008A /* TransactionWidgetExtension */;
		};
/* End PBXFileSystemSynchronizedBuildFileExceptionSet section */

/* Begin PBXFileSystemSynchronizedRootGroup section */
		1E36E5B52D337EA200A5008A /* PaydayWidget */ = {isa = PBXFileSystemSynchronizedRootGroup; exceptions = (1E36E5C62D337EA300A5008A /* PBXFileSystemSynchronizedBuildFileExceptionSet */, ); explicitFileTypes = {}; explicitFolders = (); path = PaydayWidget; sourceTree = "<group>"; };
		1E36E5D52D33C97A00A5008A /* TransactionWidget */ = {isa = PBXFileSystemSynchronizedRootGroup; exceptions = (1E36E5E02D33C97C00A5008A /* PBXFileSystemSynchronizedBuildFileExceptionSet */, ); explicitFileTypes = {}; explicitFolders = (); path = TransactionWidget; sourceTree = "<group>"; };
/* End PBXFileSystemSynchronizedRootGroup section */

/* Begin PBXFrameworksBuildPhase section */
		1E36E5AF2D337EA200A5008A /* Frameworks */ = {
			isa = PBXFrameworksBuildPhase;
			buildActionMask = 2147483647;
			files = (
				1E36E5B42D337EA200A5008A /* SwiftUI.framework in Frameworks */,
				1E36E5B32D337EA200A5008A /* WidgetKit.framework in Frameworks */,
			);
			runOnlyForDeploymentPostprocessing = 0;
		};
		1E36E5CF2D33C97A00A5008A /* Frameworks */ = {
			isa = PBXFrameworksBuildPhase;
			buildActionMask = 2147483647;
			files = (
				1E36E5D42D33C97A00A5008A /* SwiftUI.framework in Frameworks */,
				1E36E5D32D33C97A00A5008A /* WidgetKit.framework in Frameworks */,
				1E36E5E92D33DFD800A5008A /* KeychainAccess in Frameworks */,
			);
			runOnlyForDeploymentPostprocessing = 0;
		};
		1E4B8E742973D49D0021FCC6 /* Frameworks */ = {
			isa = PBXFrameworksBuildPhase;
			buildActionMask = 2147483647;
			files = (
				1ECCA3242A77542D00096FFE /* Collections in Frameworks */,
				1E846A7B29753F5600FEE80D /* KeychainAccess in Frameworks */,
			);
			runOnlyForDeploymentPostprocessing = 0;
		};
/* End PBXFrameworksBuildPhase section */

/* Begin PBXGroup section */
		1E4B8E6E2973D49D0021FCC6 = {
			isa = PBXGroup;
			children = (
				1E36E5E42D33C97F00A5008A /* TransactionWidgetExtension.entitlements */,
				1E36E5CD2D33BD6400A5008A /* PaydayWidgetExtension.entitlements */,
				1E37348629769D6F0089A364 /* CurrentAccountExtension.entitlements */,
				1E4B8E792973D49D0021FCC6 /* DefenceBank */,
				1E36E5B52D337EA200A5008A /* PaydayWidget */,
				1E36E5D52D33C97A00A5008A /* TransactionWidget */,
				1E84BBE229765AB600DF1AA6 /* Frameworks */,
				1E4B8E782973D49D0021FCC6 /* Products */,
			);
			sourceTree = "<group>";
		};
		1E4B8E782973D49D0021FCC6 /* Products */ = {
			isa = PBXGroup;
			children = (
				1E4B8E772973D49D0021FCC6 /* DefenceBank.app */,
				1E36E5B22D337EA200A5008A /* PaydayWidgetExtension.appex */,
				1E36E5D22D33C97A00A5008A /* TransactionWidgetExtension.appex */,
			);
			name = Products;
			sourceTree = "<group>";
		};
		1E4B8E792973D49D0021FCC6 /* DefenceBank */ = {
			isa = PBXGroup;
			children = (
				1E6183672D2BF13100B88338 /* Info.plist */,
				1E6183632D2A993B00B88338 /* Helpers */,
				1E846A7629751E8800FEE80D /* API */,
				1E4B8E90297408C00021FCC6 /* Components */,
				1E4B8E8A2973FC6D0021FCC6 /* Views */,
				1E4B8E7A2973D49D0021FCC6 /* DefenceBankApp.swift */,
				1E4B8E7E2973D49E0021FCC6 /* Assets.xcassets */,
				1E4B8E802973D49E0021FCC6 /* Preview Content */,
			);
			path = DefenceBank;
			sourceTree = "<group>";
		};
		1E4B8E802973D49E0021FCC6 /* Preview Content */ = {
			isa = PBXGroup;
			children = (
				1E4B8E812973D49E0021FCC6 /* Preview Assets.xcassets */,
				1E4B8E9629740A360021FCC6 /* PreviewData.swift */,
			);
			path = "Preview Content";
			sourceTree = "<group>";
		};
		1E4B8E8A2973FC6D0021FCC6 /* Views */ = {
			isa = PBXGroup;
			children = (
				1E4B8E882973DE120021FCC6 /* LoginView.swift */,
				1E61835D2D296A3500B88338 /* ContentView.swift */,
				1E6183742D2CA62700B88338 /* SettingsView.swift */,
				1E61835F2D296AB300B88338 /* CardsView.swift */,
				1E6183722D2CA56200B88338 /* AccountsView.swift */,
				1E4B8E8B2973FC7C0021FCC6 /* DashboardView.swift */,
				1E3734892977A50E0089A364 /* TransactionsView.swift */,
			);
			path = Views;
			sourceTree = "<group>";
		};
		1E4B8E90297408C00021FCC6 /* Components */ = {
			isa = PBXGroup;
			children = (
				1E72EA932D30D4CA00090A9B /* Category */,
				1E72EA872D2F817500090A9B /* Dashboard */,
				1E72EA862D2F814E00090A9B /* Transaction */,
				1E72EA852D2F813C00090A9B /* Account */,
				1E6183712D2CA4FA00B88338 /* Cards */,
			);
			path = Components;
			sourceTree = "<group>";
		};
		1E6183632D2A993B00B88338 /* Helpers */ = {
			isa = PBXGroup;
			children = (
				1E72EA7D2D2E4B2200090A9B /* Storage.swift */,
				1E6183642D2BE6F500B88338 /* FaceID.swift */,
				1E6183612D2A992F00B88338 /* CardSlider.swift */,
			);
			path = Helpers;
			sourceTree = "<group>";
		};
		1E6183712D2CA4FA00B88338 /* Cards */ = {
			isa = PBXGroup;
			children = (
				1E6183762D2CE9ED00B88338 /* CardView.swift */,
				1E61836A2D2C955600B88338 /* CardControlGroupView.swift */,
				1E61836F2D2CA22500B88338 /* CardQuickActionsView.swift */,
				1E6183782D2D298400B88338 /* CardAlertsView.swift */,
				1E61836D2D2CA1C500B88338 /* CardControlView.swift */,
			);
			path = Cards;
			sourceTree = "<group>";
		};
		1E72EA842D2F503400090A9B /* Payday */ = {
			isa = PBXGroup;
			children = (
				1E61834F2D26156300B88338 /* PaydayView.swift */,
				1E61837A2D2D420200B88338 /* PaydayEditView.swift */,
			);
			path = Payday;
			sourceTree = "<group>";
		};
		1E72EA852D2F813C00090A9B /* Account */ = {
			isa = PBXGroup;
			children = (
				1E61834D2D25658600B88338 /* AccountView.swift */,
				1E6183532D276DA900B88338 /* AccountEditView.swift */,
				1E6183512D2625FF00B88338 /* NetPositionView.swift */,
			);
			path = Account;
			sourceTree = "<group>";
		};
		1E72EA862D2F814E00090A9B /* Transaction */ = {
			isa = PBXGroup;
			children = (
				1E91E727297BA740003501BC /* TransactionView.swift */,
				1E61835B2D2955F300B88338 /* UncollectedView.swift */,
				1EF14A6D2A8B1E6D0034DD5D /* TransactionDetailView.swift */,
				1E6183592D27B07C00B88338 /* TransactionSearchView.swift */,
			);
			path = Transaction;
			sourceTree = "<group>";
		};
		1E72EA872D2F817500090A9B /* Dashboard */ = {
			isa = PBXGroup;
			children = (
				1E72EA942D30D4D400090A9B /* Graphs */,
				1E72EA842D2F503400090A9B /* Payday */,
			);
			path = Dashboard;
			sourceTree = "<group>";
		};
		1E72EA932D30D4CA00090A9B /* Category */ = {
			isa = PBXGroup;
			children = (
				1E72EA8F2D2FE9E900090A9B /* CategoryView.swift */,
				1E72EA912D30D4BD00090A9B /* CategoryTransactionsView.swift */,
			);
			path = Category;
			sourceTree = "<group>";
		};
		1E72EA942D30D4D400090A9B /* Graphs */ = {
			isa = PBXGroup;
			children = (
				1E72EA892D2FCF1900090A9B /* TransactionGraphView.swift */,
			);
			path = Graphs;
			sourceTree = "<group>";
		};
		1E846A7629751E8800FEE80D /* API */ = {
			isa = PBXGroup;
			children = (
				1E846A7729751E8F00FEE80D /* Methods.swift */,
				1ECCA3252A77554700096FFE /* Extensions.swift */,
				1E6183572D27837200B88338 /* Helpers.swift */,
				1E4B8E942974096B0021FCC6 /* DataStructures.swift */,
			);
			path = API;
			sourceTree = "<group>";
		};
		1E84BBE229765AB600DF1AA6 /* Frameworks */ = {
			isa = PBXGroup;
			children = (
				1E84BBE329765AB600DF1AA6 /* WidgetKit.framework */,
				1E84BBE529765AB600DF1AA6 /* SwiftUI.framework */,
			);
			name = Frameworks;
			sourceTree = "<group>";
		};
/* End PBXGroup section */

/* Begin PBXNativeTarget section */
		1E36E5B12D337EA200A5008A /* PaydayWidgetExtension */ = {
			isa = PBXNativeTarget;
			buildConfigurationList = 1E36E5C72D337EA300A5008A /* Build configuration list for PBXNativeTarget "PaydayWidgetExtension" */;
			buildPhases = (
				1E36E5AE2D337EA200A5008A /* Sources */,
				1E36E5AF2D337EA200A5008A /* Frameworks */,
				1E36E5B02D337EA200A5008A /* Resources */,
			);
			buildRules = (
			);
			dependencies = (
			);
			fileSystemSynchronizedGroups = (
				1E36E5B52D337EA200A5008A /* PaydayWidget */,
			);
			name = PaydayWidgetExtension;
			packageProductDependencies = (
			);
			productName = PaydayWidgetExtension;
			productReference = 1E36E5B22D337EA200A5008A /* PaydayWidgetExtension.appex */;
			productType = "com.apple.product-type.app-extension";
		};
		1E36E5D12D33C97A00A5008A /* TransactionWidgetExtension */ = {
			isa = PBXNativeTarget;
			buildConfigurationList = 1E36E5E12D33C97C00A5008A /* Build configuration list for PBXNativeTarget "TransactionWidgetExtension" */;
			buildPhases = (
				1E36E5CE2D33C97A00A5008A /* Sources */,
				1E36E5CF2D33C97A00A5008A /* Frameworks */,
				1E36E5D02D33C97A00A5008A /* Resources */,
			);
			buildRules = (
			);
			dependencies = (
			);
			fileSystemSynchronizedGroups = (
				1E36E5D52D33C97A00A5008A /* TransactionWidget */,
			);
			name = TransactionWidgetExtension;
			packageProductDependencies = (
				1E36E5E82D33DFD800A5008A /* KeychainAccess */,
			);
			productName = TransactionWidgetExtension;
			productReference = 1E36E5D22D33C97A00A5008A /* TransactionWidgetExtension.appex */;
			productType = "com.apple.product-type.app-extension";
		};
		1E4B8E762973D49D0021FCC6 /* DefenceBank */ = {
			isa = PBXNativeTarget;
			buildConfigurationList = 1E4B8E852973D49E0021FCC6 /* Build configuration list for PBXNativeTarget "DefenceBank" */;
			buildPhases = (
				1E4B8E732973D49D0021FCC6 /* Sources */,
				1E4B8E742973D49D0021FCC6 /* Frameworks */,
				1E4B8E752973D49D0021FCC6 /* Resources */,
				1E84BBFA29765AB700DF1AA6 /* Embed Foundation Extensions */,
			);
			buildRules = (
			);
			dependencies = (
				1E36E5C42D337EA300A5008A /* PBXTargetDependency */,
				1E36E5DE2D33C97C00A5008A /* PBXTargetDependency */,
			);
			name = DefenceBank;
			packageProductDependencies = (
				1E846A7A29753F5600FEE80D /* KeychainAccess */,
				1ECCA3232A77542D00096FFE /* Collections */,
			);
			productName = DefenceBank;
			productReference = 1E4B8E772973D49D0021FCC6 /* DefenceBank.app */;
			productType = "com.apple.product-type.application";
		};
/* End PBXNativeTarget section */

/* Begin PBXProject section */
		1E4B8E6F2973D49D0021FCC6 /* Project object */ = {
			isa = PBXProject;
			attributes = {
				BuildIndependentTargetsInParallel = 1;
				LastSwiftUpdateCheck = 1620;
				LastUpgradeCheck = 1620;
				TargetAttributes = {
					1E36E5B12D337EA200A5008A = {
						CreatedOnToolsVersion = 16.2;
					};
					1E36E5D12D33C97A00A5008A = {
						CreatedOnToolsVersion = 16.2;
					};
					1E4B8E762973D49D0021FCC6 = {
						CreatedOnToolsVersion = 14.2;
					};
				};
			};
			buildConfigurationList = 1E4B8E722973D49D0021FCC6 /* Build configuration list for PBXProject "DefenceBank" */;
			compatibilityVersion = "Xcode 14.0";
			developmentRegion = en;
			hasScannedForEncodings = 0;
			knownRegions = (
				en,
				Base,
			);
			mainGroup = 1E4B8E6E2973D49D0021FCC6;
			packageReferences = (
				1E846A7929753F5600FEE80D /* XCRemoteSwiftPackageReference "KeychainAccess" */,
				1ECCA3222A77542D00096FFE /* XCRemoteSwiftPackageReference "swift-collections" */,
			);
			productRefGroup = 1E4B8E782973D49D0021FCC6 /* Products */;
			projectDirPath = "";
			projectRoot = "";
			targets = (
				1E4B8E762973D49D0021FCC6 /* DefenceBank */,
				1E36E5B12D337EA200A5008A /* PaydayWidgetExtension */,
				1E36E5D12D33C97A00A5008A /* TransactionWidgetExtension */,
			);
		};
/* End PBXProject section */

/* Begin PBXResourcesBuildPhase section */
		1E36E5B02D337EA200A5008A /* Resources */ = {
			isa = PBXResourcesBuildPhase;
			buildActionMask = 2147483647;
			files = (
			);
			runOnlyForDeploymentPostprocessing = 0;
		};
		1E36E5D02D33C97A00A5008A /* Resources */ = {
			isa = PBXResourcesBuildPhase;
			buildActionMask = 2147483647;
			files = (
			);
			runOnlyForDeploymentPostprocessing = 0;
		};
		1E4B8E752973D49D0021FCC6 /* Resources */ = {
			isa = PBXResourcesBuildPhase;
			buildActionMask = 2147483647;
			files = (
				1E4B8E822973D49E0021FCC6 /* Preview Assets.xcassets in Resources */,
				1E4B8E7F2973D49E0021FCC6 /* Assets.xcassets in Resources */,
			);
			runOnlyForDeploymentPostprocessing = 0;
		};
/* End PBXResourcesBuildPhase section */

/* Begin PBXSourcesBuildPhase section */
		1E36E5AE2D337EA200A5008A /* Sources */ = {
			isa = PBXSourcesBuildPhase;
			buildActionMask = 2147483647;
			files = (
				1E36E5EC2D3468FA00A5008A /* DataStructures.swift in Sources */,
				1E36E5CC2D33A28D00A5008A /* Storage.swift in Sources */,
				1E36E5EA2D34686C00A5008A /* PreviewData.swift in Sources */,
			);
			runOnlyForDeploymentPostprocessing = 0;
		};
		1E36E5CE2D33C97A00A5008A /* Sources */ = {
			isa = PBXSourcesBuildPhase;
			buildActionMask = 2147483647;
			files = (
				1E36E5EB2D34686C00A5008A /* PreviewData.swift in Sources */,
				1E36E5E72D33DEF200A5008A /* Methods.swift in Sources */,
				1E36E5E62D33DD7200A5008A /* DataStructures.swift in Sources */,
				1E36E5E52D33CB0600A5008A /* Storage.swift in Sources */,
			);
			runOnlyForDeploymentPostprocessing = 0;
		};
		1E4B8E732973D49D0021FCC6 /* Sources */ = {
			isa = PBXSourcesBuildPhase;
			buildActionMask = 2147483647;
			files = (
				1E61837B2D2D420C00B88338 /* PaydayEditView.swift in Sources */,
				1E4B8E892973DE120021FCC6 /* LoginView.swift in Sources */,
				1E846A7829751E8F00FEE80D /* Methods.swift in Sources */,
				1E6183652D2BE6FA00B88338 /* FaceID.swift in Sources */,
				1E91E728297BA740003501BC /* TransactionView.swift in Sources */,
				1E4B8E9729740A360021FCC6 /* PreviewData.swift in Sources */,
				1E61835C2D2955F800B88338 /* UncollectedView.swift in Sources */,
				1E61836E2D2CA1C800B88338 /* CardControlView.swift in Sources */,
				1E6183792D2D298800B88338 /* CardAlertsView.swift in Sources */,
				1ECCA3262A77554700096FFE /* Extensions.swift in Sources */,
				1E6183522D26260400B88338 /* NetPositionView.swift in Sources */,
				1E61834E2D25683200B88338 /* AccountView.swift in Sources */,
				1E6183732D2CA56400B88338 /* AccountsView.swift in Sources */,
				1E4B8E7B2973D49D0021FCC6 /* DefenceBankApp.swift in Sources */,
				1E6183602D296AB500B88338 /* CardsView.swift in Sources */,
				1E6183772D2CEA0000B88338 /* CardView.swift in Sources */,
				1E61836B2D2C955A00B88338 /* CardControlGroupView.swift in Sources */,
				1E72EA902D2FE9EC00090A9B /* CategoryView.swift in Sources */,
				1E37348A2977A50E0089A364 /* TransactionsView.swift in Sources */,
				1EF14A6E2A8B1E6D0034DD5D /* TransactionDetailView.swift in Sources */,
				1E6183702D2CA22800B88338 /* CardQuickActionsView.swift in Sources */,
				1E4B8E952974096B0021FCC6 /* DataStructures.swift in Sources */,
				1E61835E2D296A3600B88338 /* ContentView.swift in Sources */,
				1E6183542D276DB300B88338 /* AccountEditView.swift in Sources */,
				1E6183752D2CA62D00B88338 /* SettingsView.swift in Sources */,
				1E6183502D2615AD00B88338 /* PaydayView.swift in Sources */,
				1E72EA8A2D2FCF1D00090A9B /* TransactionGraphView.swift in Sources */,
				1E61835A2D27B08000B88338 /* TransactionSearchView.swift in Sources */,
				1E6183582D27837300B88338 /* Helpers.swift in Sources */,
				1E4B8E8C2973FC7C0021FCC6 /* DashboardView.swift in Sources */,
				1E72EA922D30D4C500090A9B /* CategoryTransactionsView.swift in Sources */,
				1E6183622D2A992F00B88338 /* CardSlider.swift in Sources */,
				1E72EA7E2D2E4B2600090A9B /* Storage.swift in Sources */,
			);
			runOnlyForDeploymentPostprocessing = 0;
		};
/* End PBXSourcesBuildPhase section */

/* Begin PBXTargetDependency section */
		1E36E5C42D337EA300A5008A /* PBXTargetDependency */ = {
			isa = PBXTargetDependency;
			target = 1E36E5B12D337EA200A5008A /* PaydayWidgetExtension */;
			targetProxy = 1E36E5C32D337EA300A5008A /* PBXContainerItemProxy */;
		};
		1E36E5DE2D33C97C00A5008A /* PBXTargetDependency */ = {
			isa = PBXTargetDependency;
			target = 1E36E5D12D33C97A00A5008A /* TransactionWidgetExtension */;
			targetProxy = 1E36E5DD2D33C97C00A5008A /* PBXContainerItemProxy */;
		};
/* End PBXTargetDependency section */

/* Begin XCBuildConfiguration section */
		1E36E5C82D337EA300A5008A /* Debug */ = {
			isa = XCBuildConfiguration;
			buildSettings = {
				ASSETCATALOG_COMPILER_GENERATE_SWIFT_ASSET_SYMBOL_EXTENSIONS = YES;
				ASSETCATALOG_COMPILER_GLOBAL_ACCENT_COLOR_NAME = AccentColor;
				ASSETCATALOG_COMPILER_WIDGET_BACKGROUND_COLOR_NAME = WidgetBackground;
				CODE_SIGN_ENTITLEMENTS = PaydayWidgetExtension.entitlements;
				CODE_SIGN_STYLE = Automatic;
				CURRENT_PROJECT_VERSION = 1;
				DEVELOPMENT_TEAM = 2GXF8UVUB8;
				GCC_C_LANGUAGE_STANDARD = gnu17;
				GENERATE_INFOPLIST_FILE = YES;
				INFOPLIST_FILE = PaydayWidget/Info.plist;
				INFOPLIST_KEY_CFBundleDisplayName = PaydayWidget;
				INFOPLIST_KEY_NSHumanReadableCopyright = "";
				IPHONEOS_DEPLOYMENT_TARGET = 18.0;
				LD_RUNPATH_SEARCH_PATHS = (
					"$(inherited)",
					"@executable_path/Frameworks",
					"@executable_path/../../Frameworks",
				);
				LOCALIZATION_PREFERS_STRING_CATALOGS = YES;
				MARKETING_VERSION = 1.0;
				PRODUCT_BUNDLE_IDENTIFIER = com.cooperbeltrami.DefenceBank.PaydayWidget;
				PRODUCT_NAME = "$(TARGET_NAME)";
				SKIP_INSTALL = YES;
				SWIFT_ACTIVE_COMPILATION_CONDITIONS = "DEBUG $(inherited)";
				SWIFT_EMIT_LOC_STRINGS = YES;
				SWIFT_VERSION = 5.0;
				TARGETED_DEVICE_FAMILY = "1,2";
			};
			name = Debug;
		};
		1E36E5C92D337EA300A5008A /* Release */ = {
			isa = XCBuildConfiguration;
			buildSettings = {
				ASSETCATALOG_COMPILER_GENERATE_SWIFT_ASSET_SYMBOL_EXTENSIONS = YES;
				ASSETCATALOG_COMPILER_GLOBAL_ACCENT_COLOR_NAME = AccentColor;
				ASSETCATALOG_COMPILER_WIDGET_BACKGROUND_COLOR_NAME = WidgetBackground;
				CODE_SIGN_ENTITLEMENTS = PaydayWidgetExtension.entitlements;
				CODE_SIGN_STYLE = Automatic;
				CURRENT_PROJECT_VERSION = 1;
				DEVELOPMENT_TEAM = 2GXF8UVUB8;
				GCC_C_LANGUAGE_STANDARD = gnu17;
				GENERATE_INFOPLIST_FILE = YES;
				INFOPLIST_FILE = PaydayWidget/Info.plist;
				INFOPLIST_KEY_CFBundleDisplayName = PaydayWidget;
				INFOPLIST_KEY_NSHumanReadableCopyright = "";
				IPHONEOS_DEPLOYMENT_TARGET = 18.0;
				LD_RUNPATH_SEARCH_PATHS = (
					"$(inherited)",
					"@executable_path/Frameworks",
					"@executable_path/../../Frameworks",
				);
				LOCALIZATION_PREFERS_STRING_CATALOGS = YES;
				MARKETING_VERSION = 1.0;
				PRODUCT_BUNDLE_IDENTIFIER = com.cooperbeltrami.DefenceBank.PaydayWidget;
				PRODUCT_NAME = "$(TARGET_NAME)";
				SKIP_INSTALL = YES;
				SWIFT_EMIT_LOC_STRINGS = YES;
				SWIFT_VERSION = 5.0;
				TARGETED_DEVICE_FAMILY = "1,2";
			};
			name = Release;
		};
		1E36E5E22D33C97C00A5008A /* Debug */ = {
			isa = XCBuildConfiguration;
			buildSettings = {
				ASSETCATALOG_COMPILER_GENERATE_SWIFT_ASSET_SYMBOL_EXTENSIONS = YES;
				ASSETCATALOG_COMPILER_GLOBAL_ACCENT_COLOR_NAME = AccentColor;
				ASSETCATALOG_COMPILER_WIDGET_BACKGROUND_COLOR_NAME = WidgetBackground;
				CODE_SIGN_ENTITLEMENTS = TransactionWidgetExtension.entitlements;
				CODE_SIGN_STYLE = Automatic;
				CURRENT_PROJECT_VERSION = 1;
				DEVELOPMENT_TEAM = 2GXF8UVUB8;
				GCC_C_LANGUAGE_STANDARD = gnu17;
				GENERATE_INFOPLIST_FILE = YES;
				INFOPLIST_FILE = TransactionWidget/Info.plist;
				INFOPLIST_KEY_CFBundleDisplayName = TransactionWidget;
				INFOPLIST_KEY_NSHumanReadableCopyright = "";
				IPHONEOS_DEPLOYMENT_TARGET = 18.2;
				LD_RUNPATH_SEARCH_PATHS = (
					"$(inherited)",
					"@executable_path/Frameworks",
					"@executable_path/../../Frameworks",
				);
				LOCALIZATION_PREFERS_STRING_CATALOGS = YES;
				MARKETING_VERSION = 1.0;
				PRODUCT_BUNDLE_IDENTIFIER = com.cooperbeltrami.DefenceBank.TransactionWidget;
				PRODUCT_NAME = "$(TARGET_NAME)";
				SKIP_INSTALL = YES;
				SWIFT_ACTIVE_COMPILATION_CONDITIONS = "DEBUG $(inherited)";
				SWIFT_EMIT_LOC_STRINGS = YES;
				SWIFT_VERSION = 5.0;
				TARGETED_DEVICE_FAMILY = "1,2";
			};
			name = Debug;
		};
		1E36E5E32D33C97C00A5008A /* Release */ = {
			isa = XCBuildConfiguration;
			buildSettings = {
				ASSETCATALOG_COMPILER_GENERATE_SWIFT_ASSET_SYMBOL_EXTENSIONS = YES;
				ASSETCATALOG_COMPILER_GLOBAL_ACCENT_COLOR_NAME = AccentColor;
				ASSETCATALOG_COMPILER_WIDGET_BACKGROUND_COLOR_NAME = WidgetBackground;
				CODE_SIGN_ENTITLEMENTS = TransactionWidgetExtension.entitlements;
				CODE_SIGN_STYLE = Automatic;
				CURRENT_PROJECT_VERSION = 1;
				DEVELOPMENT_TEAM = 2GXF8UVUB8;
				GCC_C_LANGUAGE_STANDARD = gnu17;
				GENERATE_INFOPLIST_FILE = YES;
				INFOPLIST_FILE = TransactionWidget/Info.plist;
				INFOPLIST_KEY_CFBundleDisplayName = TransactionWidget;
				INFOPLIST_KEY_NSHumanReadableCopyright = "";
				IPHONEOS_DEPLOYMENT_TARGET = 18.2;
				LD_RUNPATH_SEARCH_PATHS = (
					"$(inherited)",
					"@executable_path/Frameworks",
					"@executable_path/../../Frameworks",
				);
				LOCALIZATION_PREFERS_STRING_CATALOGS = YES;
				MARKETING_VERSION = 1.0;
				PRODUCT_BUNDLE_IDENTIFIER = com.cooperbeltrami.DefenceBank.TransactionWidget;
				PRODUCT_NAME = "$(TARGET_NAME)";
				SKIP_INSTALL = YES;
				SWIFT_EMIT_LOC_STRINGS = YES;
				SWIFT_VERSION = 5.0;
				TARGETED_DEVICE_FAMILY = "1,2";
			};
			name = Release;
		};
		1E4B8E832973D49E0021FCC6 /* Debug */ = {
			isa = XCBuildConfiguration;
			buildSettings = {
				ALWAYS_SEARCH_USER_PATHS = NO;
				CLANG_ANALYZER_NONNULL = YES;
				CLANG_ANALYZER_NUMBER_OBJECT_CONVERSION = YES_AGGRESSIVE;
				CLANG_CXX_LANGUAGE_STANDARD = "gnu++20";
				CLANG_ENABLE_MODULES = YES;
				CLANG_ENABLE_OBJC_ARC = YES;
				CLANG_ENABLE_OBJC_WEAK = YES;
				CLANG_WARN_BLOCK_CAPTURE_AUTORELEASING = YES;
				CLANG_WARN_BOOL_CONVERSION = YES;
				CLANG_WARN_COMMA = YES;
				CLANG_WARN_CONSTANT_CONVERSION = YES;
				CLANG_WARN_DEPRECATED_OBJC_IMPLEMENTATIONS = YES;
				CLANG_WARN_DIRECT_OBJC_ISA_USAGE = YES_ERROR;
				CLANG_WARN_DOCUMENTATION_COMMENTS = YES;
				CLANG_WARN_EMPTY_BODY = YES;
				CLANG_WARN_ENUM_CONVERSION = YES;
				CLANG_WARN_INFINITE_RECURSION = YES;
				CLANG_WARN_INT_CONVERSION = YES;
				CLANG_WARN_NON_LITERAL_NULL_CONVERSION = YES;
				CLANG_WARN_OBJC_IMPLICIT_RETAIN_SELF = YES;
				CLANG_WARN_OBJC_LITERAL_CONVERSION = YES;
				CLANG_WARN_OBJC_ROOT_CLASS = YES_ERROR;
				CLANG_WARN_QUOTED_INCLUDE_IN_FRAMEWORK_HEADER = YES;
				CLANG_WARN_RANGE_LOOP_ANALYSIS = YES;
				CLANG_WARN_STRICT_PROTOTYPES = YES;
				CLANG_WARN_SUSPICIOUS_MOVE = YES;
				CLANG_WARN_UNGUARDED_AVAILABILITY = YES_AGGRESSIVE;
				CLANG_WARN_UNREACHABLE_CODE = YES;
				CLANG_WARN__DUPLICATE_METHOD_MATCH = YES;
				COPY_PHASE_STRIP = NO;
				DEBUG_INFORMATION_FORMAT = dwarf;
				ENABLE_STRICT_OBJC_MSGSEND = YES;
				ENABLE_TESTABILITY = YES;
				ENABLE_USER_SCRIPT_SANDBOXING = YES;
				GCC_C_LANGUAGE_STANDARD = gnu11;
				GCC_DYNAMIC_NO_PIC = NO;
				GCC_NO_COMMON_BLOCKS = YES;
				GCC_OPTIMIZATION_LEVEL = 0;
				GCC_PREPROCESSOR_DEFINITIONS = (
					"DEBUG=1",
					"$(inherited)",
				);
				GCC_WARN_64_TO_32_BIT_CONVERSION = YES;
				GCC_WARN_ABOUT_RETURN_TYPE = YES_ERROR;
				GCC_WARN_UNDECLARED_SELECTOR = YES;
				GCC_WARN_UNINITIALIZED_AUTOS = YES_AGGRESSIVE;
				GCC_WARN_UNUSED_FUNCTION = YES;
				GCC_WARN_UNUSED_VARIABLE = YES;
				IPHONEOS_DEPLOYMENT_TARGET = 16.2;
				MTL_ENABLE_DEBUG_INFO = INCLUDE_SOURCE;
				MTL_FAST_MATH = YES;
				ONLY_ACTIVE_ARCH = YES;
				SDKROOT = iphoneos;
				SWIFT_ACTIVE_COMPILATION_CONDITIONS = DEBUG;
				SWIFT_OPTIMIZATION_LEVEL = "-Onone";
			};
			name = Debug;
		};
		1E4B8E842973D49E0021FCC6 /* Release */ = {
			isa = XCBuildConfiguration;
			buildSettings = {
				ALWAYS_SEARCH_USER_PATHS = NO;
				CLANG_ANALYZER_NONNULL = YES;
				CLANG_ANALYZER_NUMBER_OBJECT_CONVERSION = YES_AGGRESSIVE;
				CLANG_CXX_LANGUAGE_STANDARD = "gnu++20";
				CLANG_ENABLE_MODULES = YES;
				CLANG_ENABLE_OBJC_ARC = YES;
				CLANG_ENABLE_OBJC_WEAK = YES;
				CLANG_WARN_BLOCK_CAPTURE_AUTORELEASING = YES;
				CLANG_WARN_BOOL_CONVERSION = YES;
				CLANG_WARN_COMMA = YES;
				CLANG_WARN_CONSTANT_CONVERSION = YES;
				CLANG_WARN_DEPRECATED_OBJC_IMPLEMENTATIONS = YES;
				CLANG_WARN_DIRECT_OBJC_ISA_USAGE = YES_ERROR;
				CLANG_WARN_DOCUMENTATION_COMMENTS = YES;
				CLANG_WARN_EMPTY_BODY = YES;
				CLANG_WARN_ENUM_CONVERSION = YES;
				CLANG_WARN_INFINITE_RECURSION = YES;
				CLANG_WARN_INT_CONVERSION = YES;
				CLANG_WARN_NON_LITERAL_NULL_CONVERSION = YES;
				CLANG_WARN_OBJC_IMPLICIT_RETAIN_SELF = YES;
				CLANG_WARN_OBJC_LITERAL_CONVERSION = YES;
				CLANG_WARN_OBJC_ROOT_CLASS = YES_ERROR;
				CLANG_WARN_QUOTED_INCLUDE_IN_FRAMEWORK_HEADER = YES;
				CLANG_WARN_RANGE_LOOP_ANALYSIS = YES;
				CLANG_WARN_STRICT_PROTOTYPES = YES;
				CLANG_WARN_SUSPICIOUS_MOVE = YES;
				CLANG_WARN_UNGUARDED_AVAILABILITY = YES_AGGRESSIVE;
				CLANG_WARN_UNREACHABLE_CODE = YES;
				CLANG_WARN__DUPLICATE_METHOD_MATCH = YES;
				COPY_PHASE_STRIP = NO;
				DEBUG_INFORMATION_FORMAT = "dwarf-with-dsym";
				ENABLE_NS_ASSERTIONS = NO;
				ENABLE_STRICT_OBJC_MSGSEND = YES;
				ENABLE_USER_SCRIPT_SANDBOXING = YES;
				GCC_C_LANGUAGE_STANDARD = gnu11;
				GCC_NO_COMMON_BLOCKS = YES;
				GCC_WARN_64_TO_32_BIT_CONVERSION = YES;
				GCC_WARN_ABOUT_RETURN_TYPE = YES_ERROR;
				GCC_WARN_UNDECLARED_SELECTOR = YES;
				GCC_WARN_UNINITIALIZED_AUTOS = YES_AGGRESSIVE;
				GCC_WARN_UNUSED_FUNCTION = YES;
				GCC_WARN_UNUSED_VARIABLE = YES;
				IPHONEOS_DEPLOYMENT_TARGET = 16.2;
				MTL_ENABLE_DEBUG_INFO = NO;
				MTL_FAST_MATH = YES;
				SDKROOT = iphoneos;
				SWIFT_COMPILATION_MODE = wholemodule;
				SWIFT_OPTIMIZATION_LEVEL = "-O";
				VALIDATE_PRODUCT = YES;
			};
			name = Release;
		};
		1E4B8E862973D49E0021FCC6 /* Debug */ = {
			isa = XCBuildConfiguration;
			buildSettings = {
				ASSETCATALOG_COMPILER_APPICON_NAME = AppIcon;
				ASSETCATALOG_COMPILER_GLOBAL_ACCENT_COLOR_NAME = AccentColor;
				CODE_SIGN_ENTITLEMENTS = DefenceBank/DefenceBank.entitlements;
				CODE_SIGN_STYLE = Automatic;
				CURRENT_PROJECT_VERSION = 1;
				DEVELOPMENT_ASSET_PATHS = "\"DefenceBank/Preview Content\"";
				DEVELOPMENT_TEAM = 2GXF8UVUB8;
				ENABLE_PREVIEWS = YES;
				GENERATE_INFOPLIST_FILE = YES;
				INFOPLIST_FILE = DefenceBank/Info.plist;
				INFOPLIST_KEY_CFBundleDisplayName = "Defence Bank";
				INFOPLIST_KEY_LSApplicationCategoryType = "public.app-category.finance";
				INFOPLIST_KEY_NSFaceIDUsageDescription = "This app requires Face ID to authenticate";
				INFOPLIST_KEY_UIApplicationSceneManifest_Generation = YES;
				INFOPLIST_KEY_UIApplicationSupportsIndirectInputEvents = YES;
				INFOPLIST_KEY_UILaunchScreen_Generation = YES;
				INFOPLIST_KEY_UISupportedInterfaceOrientations = UIInterfaceOrientationPortrait;
				INFOPLIST_KEY_UISupportedInterfaceOrientations_iPad = "UIInterfaceOrientationLandscapeLeft UIInterfaceOrientationLandscapeRight UIInterfaceOrientationPortrait UIInterfaceOrientationPortraitUpsideDown";
				IPHONEOS_DEPLOYMENT_TARGET = 18.0;
				LD_RUNPATH_SEARCH_PATHS = (
					"$(inherited)",
					"@executable_path/Frameworks",
				);
				MARKETING_VERSION = 1.0;
				PRODUCT_BUNDLE_IDENTIFIER = com.cooperbeltrami.DefenceBank;
				PRODUCT_NAME = "$(TARGET_NAME)";
				SWIFT_EMIT_LOC_STRINGS = YES;
				SWIFT_VERSION = 5.0;
				TARGETED_DEVICE_FAMILY = "1,2";
			};
			name = Debug;
		};
		1E4B8E872973D49E0021FCC6 /* Release */ = {
			isa = XCBuildConfiguration;
			buildSettings = {
				ASSETCATALOG_COMPILER_APPICON_NAME = AppIcon;
				ASSETCATALOG_COMPILER_GLOBAL_ACCENT_COLOR_NAME = AccentColor;
				CODE_SIGN_ENTITLEMENTS = DefenceBank/DefenceBank.entitlements;
				CODE_SIGN_STYLE = Automatic;
				CURRENT_PROJECT_VERSION = 1;
				DEVELOPMENT_ASSET_PATHS = "\"DefenceBank/Preview Content\"";
				DEVELOPMENT_TEAM = 2GXF8UVUB8;
				ENABLE_PREVIEWS = YES;
				GENERATE_INFOPLIST_FILE = YES;
				INFOPLIST_FILE = DefenceBank/Info.plist;
				INFOPLIST_KEY_CFBundleDisplayName = "Defence Bank";
				INFOPLIST_KEY_LSApplicationCategoryType = "public.app-category.finance";
				INFOPLIST_KEY_NSFaceIDUsageDescription = "This app requires Face ID to authenticate";
				INFOPLIST_KEY_UIApplicationSceneManifest_Generation = YES;
				INFOPLIST_KEY_UIApplicationSupportsIndirectInputEvents = YES;
				INFOPLIST_KEY_UILaunchScreen_Generation = YES;
				INFOPLIST_KEY_UISupportedInterfaceOrientations = UIInterfaceOrientationPortrait;
				INFOPLIST_KEY_UISupportedInterfaceOrientations_iPad = "UIInterfaceOrientationLandscapeLeft UIInterfaceOrientationLandscapeRight UIInterfaceOrientationPortrait UIInterfaceOrientationPortraitUpsideDown";
				IPHONEOS_DEPLOYMENT_TARGET = 18.0;
				LD_RUNPATH_SEARCH_PATHS = (
					"$(inherited)",
					"@executable_path/Frameworks",
				);
				MARKETING_VERSION = 1.0;
				PRODUCT_BUNDLE_IDENTIFIER = com.cooperbeltrami.DefenceBank;
				PRODUCT_NAME = "$(TARGET_NAME)";
				SWIFT_EMIT_LOC_STRINGS = YES;
				SWIFT_VERSION = 5.0;
				TARGETED_DEVICE_FAMILY = "1,2";
			};
			name = Release;
		};
/* End XCBuildConfiguration section */

/* Begin XCConfigurationList section */
		1E36E5C72D337EA300A5008A /* Build configuration list for PBXNativeTarget "PaydayWidgetExtension" */ = {
			isa = XCConfigurationList;
			buildConfigurations = (
				1E36E5C82D337EA300A5008A /* Debug */,
				1E36E5C92D337EA300A5008A /* Release */,
			);
			defaultConfigurationIsVisible = 0;
			defaultConfigurationName = Release;
		};
		1E36E5E12D33C97C00A5008A /* Build configuration list for PBXNativeTarget "TransactionWidgetExtension" */ = {
			isa = XCConfigurationList;
			buildConfigurations = (
				1E36E5E22D33C97C00A5008A /* Debug */,
				1E36E5E32D33C97C00A5008A /* Release */,
			);
			defaultConfigurationIsVisible = 0;
			defaultConfigurationName = Release;
		};
		1E4B8E722973D49D0021FCC6 /* Build configuration list for PBXProject "DefenceBank" */ = {
			isa = XCConfigurationList;
			buildConfigurations = (
				1E4B8E832973D49E0021FCC6 /* Debug */,
				1E4B8E842973D49E0021FCC6 /* Release */,
			);
			defaultConfigurationIsVisible = 0;
			defaultConfigurationName = Release;
		};
		1E4B8E852973D49E0021FCC6 /* Build configuration list for PBXNativeTarget "DefenceBank" */ = {
			isa = XCConfigurationList;
			buildConfigurations = (
				1E4B8E862973D49E0021FCC6 /* Debug */,
				1E4B8E872973D49E0021FCC6 /* Release */,
			);
			defaultConfigurationIsVisible = 0;
			defaultConfigurationName = Release;
		};
/* End XCConfigurationList section */

/* Begin XCRemoteSwiftPackageReference section */
		1E846A7929753F5600FEE80D /* XCRemoteSwiftPackageReference "KeychainAccess" */ = {
			isa = XCRemoteSwiftPackageReference;
			repositoryURL = "https://github.com/kishikawakatsumi/KeychainAccess";
			requirement = {
				branch = master;
				kind = branch;
			};
		};
		1ECCA3222A77542D00096FFE /* XCRemoteSwiftPackageReference "swift-collections" */ = {
			isa = XCRemoteSwiftPackageReference;
			repositoryURL = "https://github.com/apple/swift-collections.git";
			requirement = {
				kind = upToNextMajorVersion;
				minimumVersion = 1.0.4;
			};
		};
/* End XCRemoteSwiftPackageReference section */

/* Begin XCSwiftPackageProductDependency section */
		1E36E5E82D33DFD800A5008A /* KeychainAccess */ = {
			isa = XCSwiftPackageProductDependency;
			package = 1E846A7929753F5600FEE80D /* XCRemoteSwiftPackageReference "KeychainAccess" */;
			productName = KeychainAccess;
		};
		1E846A7A29753F5600FEE80D /* KeychainAccess */ = {
			isa = XCSwiftPackageProductDependency;
			package = 1E846A7929753F5600FEE80D /* XCRemoteSwiftPackageReference "KeychainAccess" */;
			productName = KeychainAccess;
		};
		1ECCA3232A77542D00096FFE /* Collections */ = {
			isa = XCSwiftPackageProductDependency;
			package = 1ECCA3222A77542D00096FFE /* XCRemoteSwiftPackageReference "swift-collections" */;
			productName = Collections;
		};
/* End XCSwiftPackageProductDependency section */
	};
	rootObject = 1E4B8E6F2973D49D0021FCC6 /* Project object */;
}
